<?xml version="1.0" encoding="utf-8"?>
<Project ToolsVersion="4.0" xmlns="http://schemas.microsoft.com/developer/msbuild/2003">
  <ItemGroup>
    <Filter Include="Pliki źródłowe">
      <UniqueIdentifier>{4FC737F1-C7A5-4376-A066-2A32D752A2FF}</UniqueIdentifier>
      <Extensions>cpp;c;cc;cxx;c++;cppm;ixx;def;odl;idl;hpj;bat;asm;asmx</Extensions>
    </Filter>
    <Filter Include="Pliki nagłówkowe">
      <UniqueIdentifier>{93995380-89BD-4b04-88EB-625FBE52EBFB}</UniqueIdentifier>
      <Extensions>h;hh;hpp;hxx;h++;hm;inl;inc;ipp;xsd</Extensions>
    </Filter>
    <Filter Include="Pliki zasobów">
      <UniqueIdentifier>{67DA6AB6-F800-4c08-8B7A-83BB121AAD01}</UniqueIdentifier>
      <Extensions>rc;ico;cur;bmp;dlg;rc2;rct;bin;rgs;gif;jpg;jpeg;jpe;resx;tiff;tif;png;wav;mfcribbon-ms</Extensions>
    </Filter>
  </ItemGroup>
  <ItemGroup>
    <ClInclude Include="framework.h">
      <Filter>Pliki nagłówkowe</Filter>
    </ClInclude>
    <ClInclude Include="pch.h">
      <Filter>Pliki nagłówkowe</Filter>
    </ClInclude>
    <ClInclude Include="..\MathLibrary_Source\Algebra.h">
      <Filter>Pliki nagłówkowe</Filter>
    </ClInclude>
    <ClInclude Include="..\MathLibrary_Source\Analysis.h">
      <Filter>Pliki nagłówkowe</Filter>
    </ClInclude>
    <ClInclude Include="..\MathLibrary_Source\Common.h">
      <Filter>Pliki nagłówkowe</Filter>
    </ClInclude>
    <ClInclude Include="..\MathLibrary_Source\Extras.h">
      <Filter>Pliki nagłówkowe</Filter>
    </ClInclude>
    <ClInclude Include="..\MathLibrary_Source\Geometry.h">
      <Filter>Pliki nagłówkowe</Filter>
    </ClInclude>
    <ClInclude Include="..\MathLibrary_Source\Probability.h">
      <Filter>Pliki nagłówkowe</Filter>
    </ClInclude>
    <ClInclude Include="..\MathLibrary_Source\SolidGeometry.h">
      <Filter>Pliki nagłówkowe</Filter>
    </ClInclude>
    <ClInclude Include="..\MathLibrary_Source\Trigonometry.h">
      <Filter>Pliki nagłówkowe</Filter>
    </ClInclude>
    <ClInclude Include="..\MathLibrary_Source\Vectors.h">
      <Filter>Pliki nagłówkowe</Filter>
    </ClInclude>
    <ClInclude Include="..\MathLibrary_Source\ComplexMath.h">
      <Filter>Pliki nagłówkowe</Filter>
    </ClInclude>
    <ClInclude Include="..\MathLibrary_Source\NumericalMethods.h">
      <Filter>Pliki nagłówkowe</Filter>
    </ClInclude>
  </ItemGroup>
  <ItemGroup>
    <ClCompile Include="dllmain.cpp">
      <Filter>Pliki źródłowe</Filter>
    </ClCompile>
    <ClCompile Include="pch.cpp">
      <Filter>Pliki źródłowe</Filter>
    </ClCompile>
    <ClCompile Include="..\MathLibrary_Source\Algebra.c">
      <Filter>Pliki źródłowe</Filter>
    </ClCompile>
    <ClCompile Include="..\MathLibrary_Source\Analysis.c">
      <Filter>Pliki źródłowe</Filter>
    </ClCompile>
    <ClCompile Include="..\MathLibrary_Source\Extras.c">
      <Filter>Pliki źródłowe</Filter>
    </ClCompile>
    <ClCompile Include="..\MathLibrary_Source\Geometry.c">
      <Filter>Pliki źródłowe</Filter>
    </ClCompile>
    <ClCompile Include="..\MathLibrary_Source\Probability.c">
      <Filter>Pliki źródłowe</Filter>
    </ClCompile>
    <ClCompile Include="..\MathLibrary_Source\SolidGeometry.c">
      <Filter>Pliki źródłowe</Filter>
    </ClCompile>
    <ClCompile Include="..\MathLibrary_Source\Trigonometry.c">
      <Filter>Pliki źródłowe</Filter>
    </ClCompile>
    <ClCompile Include="..\MathLibrary_Source\Vectors.c">
      <Filter>Pliki źródłowe</Filter>
    </ClCompile>
    <ClCompile Include="..\MathLibrary_Source\ComplexMath.c">
      <Filter>Pliki źródłowe</Filter>
    </ClCompile>
    <ClCompile Include="..\MathLibrary_Source\NumericalMethods.c">
      <Filter>Pliki źródłowe</Filter>
    </ClCompile>
  </ItemGroup>
</Project>